// !$*UTF8*$!
{
	archiveVersion = 1;
	classes = {
	};
	objectVersion = 77;
	objects = {

/* Begin PBXBuildFile section */
		12DFC62B2DAE8784007D1FD0 /* FirebaseAuth in Frameworks */ = {isa = PBXBuildFile; productRef = 12DFC62A2DAE8784007D1FD0 /* FirebaseAuth */; };
		12DFC62D2DAE8784007D1FD0 /* FirebaseFirestore in Frameworks */ = {isa = PBXBuildFile; productRef = 12DFC62C2DAE8784007D1FD0 /* FirebaseFirestore */; };
		12DFC62F2DAE8784007D1FD0 /* FirebaseStorage in Frameworks */ = {isa = PBXBuildFile; productRef = 12DFC62E2DAE8784007D1FD0 /* FirebaseStorage */; };
		12E1B2892DBD5B2A0023FA1E /* Kingfisher in Frameworks */ = {isa = PBXBuildFile; productRef = 12E1B2882DBD5B2A0023FA1E /* Kingfisher */; };
/* End PBXBuildFile section */

/* Begin PBXContainerItemProxy section */
		120FAC302DA4C05A002BE8CF /* PBXContainerItemProxy */ = {
			isa = PBXContainerItemProxy;
			containerPortal = 120FAC172DA4C058002BE8CF /* Project object */;
			proxyType = 1;
			remoteGlobalIDString = 120FAC1E2DA4C058002BE8CF;
			remoteInfo = SocialMediaSwiftUI;
		};
		120FAC3A2DA4C05A002BE8CF /* PBXContainerItemProxy */ = {
			isa = PBXContainerItemProxy;
			containerPortal = 120FAC172DA4C058002BE8CF /* Project object */;
			proxyType = 1;
			remoteGlobalIDString = 120FAC1E2DA4C058002BE8CF;
			remoteInfo = SocialMediaSwiftUI;
		};
/* End PBXContainerItemProxy section */

/* Begin PBXFileReference section */
		120FAC1F2DA4C058002BE8CF /* SocialMediaSwiftUI.app */ = {isa = PBXFileReference; explicitFileType = wrapper.application; includeInIndex = 0; path = SocialMediaSwiftUI.app; sourceTree = BUILT_PRODUCTS_DIR; };
		120FAC2F2DA4C05A002BE8CF /* SocialMediaSwiftUITests.xctest */ = {isa = PBXFileReference; explicitFileType = wrapper.cfbundle; includeInIndex = 0; path = SocialMediaSwiftUITests.xctest; sourceTree = BUILT_PRODUCTS_DIR; };
		120FAC392DA4C05A002BE8CF /* SocialMediaSwiftUIUITests.xctest */ = {isa = PBXFileReference; explicitFileType = wrapper.cfbundle; includeInIndex = 0; path = SocialMediaSwiftUIUITests.xctest; sourceTree = BUILT_PRODUCTS_DIR; };
/* End PBXFileReference section */

/* Begin PBXFileSystemSynchronizedBuildFileExceptionSet section */
		12E1BAF02DC33DD20023FA1E /* Exceptions for "SocialMediaSwiftUI" folder in "SocialMediaSwiftUI" target */ = {
			isa = PBXFileSystemSynchronizedBuildFileExceptionSet;
			membershipExceptions = (
				Info.plist,
			);
			target = 120FAC1E2DA4C058002BE8CF /* SocialMediaSwiftUI */;
		};
/* End PBXFileSystemSynchronizedBuildFileExceptionSet section */

/* Begin PBXFileSystemSynchronizedRootGroup section */
		120FAC212DA4C058002BE8CF /* SocialMediaSwiftUI */ = {
			isa = PBXFileSystemSynchronizedRootGroup;
			exceptions = (
				12E1BAF02DC33DD20023FA1E /* Exceptions for "SocialMediaSwiftUI" folder in "SocialMediaSwiftUI" target */,
			);
			path = SocialMediaSwiftUI;
			sourceTree = "<group>";
		};
		120FAC322DA4C05A002BE8CF /* SocialMediaSwiftUITests */ = {
			isa = PBXFileSystemSynchronizedRootGroup;
			path = SocialMediaSwiftUITests;
			sourceTree = "<group>";
		};
		120FAC3C2DA4C05A002BE8CF /* SocialMediaSwiftUIUITests */ = {
			isa = PBXFileSystemSynchronizedRootGroup;
			path = SocialMediaSwiftUIUITests;
			sourceTree = "<group>";
		};
/* End PBXFileSystemSynchronizedRootGroup section */

/* Begin PBXFrameworksBuildPhase section */
		120FAC1C2DA4C058002BE8CF /* Frameworks */ = {
			isa = PBXFrameworksBuildPhase;
			buildActionMask = 2147483647;
			files = (
				12E1B2892DBD5B2A0023FA1E /* Kingfisher in Frameworks */,
				12DFC62B2DAE8784007D1FD0 /* FirebaseAuth in Frameworks */,
				12DFC62D2DAE8784007D1FD0 /* FirebaseFirestore in Frameworks */,
				12DFC62F2DAE8784007D1FD0 /* FirebaseStorage in Frameworks */,
			);
			runOnlyForDeploymentPostprocessing = 0;
		};
		120FAC2C2DA4C05A002BE8CF /* Frameworks */ = {
			isa = PBXFrameworksBuildPhase;
			buildActionMask = 2147483647;
			files = (
			);
			runOnlyForDeploymentPostprocessing = 0;
		};
		120FAC362DA4C05A002BE8CF /* Frameworks */ = {
			isa = PBXFrameworksBuildPhase;
			buildActionMask = 2147483647;
			files = (
			);
			runOnlyForDeploymentPostprocessing = 0;
		};
/* End PBXFrameworksBuildPhase section */

/* Begin PBXGroup section */
		120FAC162DA4C058002BE8CF = {
			isa = PBXGroup;
			children = (
				120FAC212DA4C058002BE8CF /* SocialMediaSwiftUI */,
				120FAC322DA4C05A002BE8CF /* SocialMediaSwiftUITests */,
				120FAC3C2DA4C05A002BE8CF /* SocialMediaSwiftUIUITests */,
				12E1B2872DBD5B2A0023FA1E /* Frameworks */,
				120FAC202DA4C058002BE8CF /* Products */,
			);
			sourceTree = "<group>";
		};
		120FAC202DA4C058002BE8CF /* Products */ = {
			isa = PBXGroup;
			children = (
				120FAC1F2DA4C058002BE8CF /* SocialMediaSwiftUI.app */,
				120FAC2F2DA4C05A002BE8CF /* SocialMediaSwiftUITests.xctest */,
				120FAC392DA4C05A002BE8CF /* SocialMediaSwiftUIUITests.xctest */,
			);
			name = Products;
			sourceTree = "<group>";
		};
		12E1B2872DBD5B2A0023FA1E /* Frameworks */ = {
			isa = PBXGroup;
			children = (
			);
			name = Frameworks;
			sourceTree = "<group>";
		};
/* End PBXGroup section */

/* Begin PBXNativeTarget section */
		120FAC1E2DA4C058002BE8CF /* SocialMediaSwiftUI */ = {
			isa = PBXNativeTarget;
			buildConfigurationList = 120FAC432DA4C05A002BE8CF /* Build configuration list for PBXNativeTarget "SocialMediaSwiftUI" */;
			buildPhases = (
				120FAC1B2DA4C058002BE8CF /* Sources */,
				120FAC1C2DA4C058002BE8CF /* Frameworks */,
				120FAC1D2DA4C058002BE8CF /* Resources */,
			);
			buildRules = (
			);
			dependencies = (
			);
			fileSystemSynchronizedGroups = (
				120FAC212DA4C058002BE8CF /* SocialMediaSwiftUI */,
			);
			name = SocialMediaSwiftUI;
			packageProductDependencies = (
				12DFC62A2DAE8784007D1FD0 /* FirebaseAuth */,
				12DFC62C2DAE8784007D1FD0 /* FirebaseFirestore */,
				12DFC62E2DAE8784007D1FD0 /* FirebaseStorage */,
				12E1B2882DBD5B2A0023FA1E /* Kingfisher */,
			);
			productName = SocialMediaSwiftUI;
			productReference = 120FAC1F2DA4C058002BE8CF /* SocialMediaSwiftUI.app */;
			productType = "com.apple.product-type.application";
		};
		120FAC2E2DA4C05A002BE8CF /* SocialMediaSwiftUITests */ = {
			isa = PBXNativeTarget;
			buildConfigurationList = 120FAC462DA4C05A002BE8CF /* Build configuration list for PBXNativeTarget "SocialMediaSwiftUITests" */;
			buildPhases = (
				120FAC2B2DA4C05A002BE8CF /* Sources */,
				120FAC2C2DA4C05A002BE8CF /* Frameworks */,
				120FAC2D2DA4C05A002BE8CF /* Resources */,
			);
			buildRules = (
			);
			dependencies = (
				120FAC312DA4C05A002BE8CF /* PBXTargetDependency */,
			);
			fileSystemSynchronizedGroups = (
				120FAC322DA4C05A002BE8CF /* SocialMediaSwiftUITests */,
			);
			name = SocialMediaSwiftUITests;
			packageProductDependencies = (
			);
			productName = SocialMediaSwiftUITests;
			productReference = 120FAC2F2DA4C05A002BE8CF /* SocialMediaSwiftUITests.xctest */;
			productType = "com.apple.product-type.bundle.unit-test";
		};
		120FAC382DA4C05A002BE8CF /* SocialMediaSwiftUIUITests */ = {
			isa = PBXNativeTarget;
			buildConfigurationList = 120FAC492DA4C05A002BE8CF /* Build configuration list for PBXNativeTarget "SocialMediaSwiftUIUITests" */;
			buildPhases = (
				120FAC352DA4C05A002BE8CF /* Sources */,
				120FAC362DA4C05A002BE8CF /* Frameworks */,
				120FAC372DA4C05A002BE8CF /* Resources */,
			);
			buildRules = (
			);
			dependencies = (
				120FAC3B2DA4C05A002BE8CF /* PBXTargetDependency */,
			);
			fileSystemSynchronizedGroups = (
				120FAC3C2DA4C05A002BE8CF /* SocialMediaSwiftUIUITests */,
			);
			name = SocialMediaSwiftUIUITests;
			packageProductDependencies = (
			);
			productName = SocialMediaSwiftUIUITests;
			productReference = 120FAC392DA4C05A002BE8CF /* SocialMediaSwiftUIUITests.xctest */;
			productType = "com.apple.product-type.bundle.ui-testing";
		};
/* End PBXNativeTarget section */

/* Begin PBXProject section */
		120FAC172DA4C058002BE8CF /* Project object */ = {
			isa = PBXProject;
			attributes = {
				BuildIndependentTargetsInParallel = 1;
				LastSwiftUpdateCheck = 1620;
				LastUpgradeCheck = 1620;
				TargetAttributes = {
					120FAC1E2DA4C058002BE8CF = {
						CreatedOnToolsVersion = 16.2;
					};
					120FAC2E2DA4C05A002BE8CF = {
						CreatedOnToolsVersion = 16.2;
						TestTargetID = 120FAC1E2DA4C058002BE8CF;
					};
					120FAC382DA4C05A002BE8CF = {
						CreatedOnToolsVersion = 16.2;
						TestTargetID = 120FAC1E2DA4C058002BE8CF;
					};
				};
			};
			buildConfigurationList = 120FAC1A2DA4C058002BE8CF /* Build configuration list for PBXProject "SocialMediaSwiftUI" */;
			developmentRegion = en;
			hasScannedForEncodings = 0;
			knownRegions = (
				en,
				Base,
			);
			mainGroup = 120FAC162DA4C058002BE8CF;
			minimizedProjectReferenceProxies = 1;
			packageReferences = (
				12DFC6292DAE8784007D1FD0 /* XCRemoteSwiftPackageReference "firebase-ios-sdk" */,
				12E1B2862DBD5B1C0023FA1E /* XCRemoteSwiftPackageReference "Kingfisher" */,
			);
			preferredProjectObjectVersion = 77;
			productRefGroup = 120FAC202DA4C058002BE8CF /* Products */;
			projectDirPath = "";
			projectRoot = "";
			targets = (
				120FAC1E2DA4C058002BE8CF /* SocialMediaSwiftUI */,
				120FAC2E2DA4C05A002BE8CF /* SocialMediaSwiftUITests */,
				120FAC382DA4C05A002BE8CF /* SocialMediaSwiftUIUITests */,
			);
		};
/* End PBXProject section */

/* Begin PBXResourcesBuildPhase section */
		120FAC1D2DA4C058002BE8CF /* Resources */ = {
			isa = PBXResourcesBuildPhase;
			buildActionMask = 2147483647;
			files = (
			);
			runOnlyForDeploymentPostprocessing = 0;
		};
		120FAC2D2DA4C05A002BE8CF /* Resources */ = {
			isa = PBXResourcesBuildPhase;
			buildActionMask = 2147483647;
			files = (
			);
			runOnlyForDeploymentPostprocessing = 0;
		};
		120FAC372DA4C05A002BE8CF /* Resources */ = {
			isa = PBXResourcesBuildPhase;
			buildActionMask = 2147483647;
			files = (
			);
			runOnlyForDeploymentPostprocessing = 0;
		};
/* End PBXResourcesBuildPhase section */

/* Begin PBXSourcesBuildPhase section */
		120FAC1B2DA4C058002BE8CF /* Sources */ = {
			isa = PBXSourcesBuildPhase;
			buildActionMask = 2147483647;
			files = (
			);
			runOnlyForDeploymentPostprocessing = 0;
		};
		120FAC2B2DA4C05A002BE8CF /* Sources */ = {
			isa = PBXSourcesBuildPhase;
			buildActionMask = 2147483647;
			files = (
			);
			runOnlyForDeploymentPostprocessing = 0;
		};
		120FAC352DA4C05A002BE8CF /* Sources */ = {
			isa = PBXSourcesBuildPhase;
			buildActionMask = 2147483647;
			files = (
			);
			runOnlyForDeploymentPostprocessing = 0;
		};
/* End PBXSourcesBuildPhase section */

/* Begin PBXTargetDependency section */
		120FAC312DA4C05A002BE8CF /* PBXTargetDependency */ = {
			isa = PBXTargetDependency;
			target = 120FAC1E2DA4C058002BE8CF /* SocialMediaSwiftUI */;
			targetProxy = 120FAC302DA4C05A002BE8CF /* PBXContainerItemProxy */;
		};
		120FAC3B2DA4C05A002BE8CF /* PBXTargetDependency */ = {
			isa = PBXTargetDependency;
			target = 120FAC1E2DA4C058002BE8CF /* SocialMediaSwiftUI */;
			targetProxy = 120FAC3A2DA4C05A002BE8CF /* PBXContainerItemProxy */;
		};
/* End PBXTargetDependency section */

/* Begin XCBuildConfiguration section */
		120FAC412DA4C05A002BE8CF /* Debug */ = {
			isa = XCBuildConfiguration;
			buildSettings = {
				ALWAYS_SEARCH_USER_PATHS = NO;
				ASSETCATALOG_COMPILER_GENERATE_SWIFT_ASSET_SYMBOL_EXTENSIONS = YES;
				CLANG_ANALYZER_NONNULL = YES;
				CLANG_ANALYZER_NUMBER_OBJECT_CONVERSION = YES_AGGRESSIVE;
				CLANG_CXX_LANGUAGE_STANDARD = "gnu++20";
				CLANG_ENABLE_MODULES = YES;
				CLANG_ENABLE_OBJC_ARC = YES;
				CLANG_ENABLE_OBJC_WEAK = YES;
				CLANG_WARN_BLOCK_CAPTURE_AUTORELEASING = YES;
				CLANG_WARN_BOOL_CONVERSION = YES;
				CLANG_WARN_COMMA = YES;
				CLANG_WARN_CONSTANT_CONVERSION = YES;
				CLANG_WARN_DEPRECATED_OBJC_IMPLEMENTATIONS = YES;
				CLANG_WARN_DIRECT_OBJC_ISA_USAGE = YES_ERROR;
				CLANG_WARN_DOCUMENTATION_COMMENTS = YES;
				CLANG_WARN_EMPTY_BODY = YES;
				CLANG_WARN_ENUM_CONVERSION = YES;
				CLANG_WARN_INFINITE_RECURSION = YES;
				CLANG_WARN_INT_CONVERSION = YES;
				CLANG_WARN_NON_LITERAL_NULL_CONVERSION = YES;
				CLANG_WARN_OBJC_IMPLICIT_RETAIN_SELF = YES;
				CLANG_WARN_OBJC_LITERAL_CONVERSION = YES;
				CLANG_WARN_OBJC_ROOT_CLASS = YES_ERROR;
				CLANG_WARN_QUOTED_INCLUDE_IN_FRAMEWORK_HEADER = YES;
				CLANG_WARN_RANGE_LOOP_ANALYSIS = YES;
				CLANG_WARN_STRICT_PROTOTYPES = YES;
				CLANG_WARN_SUSPICIOUS_MOVE = YES;
				CLANG_WARN_UNGUARDED_AVAILABILITY = YES_AGGRESSIVE;
				CLANG_WARN_UNREACHABLE_CODE = YES;
				CLANG_WARN__DUPLICATE_METHOD_MATCH = YES;
				COPY_PHASE_STRIP = NO;
				DEBUG_INFORMATION_FORMAT = dwarf;
				ENABLE_STRICT_OBJC_MSGSEND = YES;
				ENABLE_TESTABILITY = YES;
				ENABLE_USER_SCRIPT_SANDBOXING = YES;
				GCC_C_LANGUAGE_STANDARD = gnu17;
				GCC_DYNAMIC_NO_PIC = NO;
				GCC_NO_COMMON_BLOCKS = YES;
				GCC_OPTIMIZATION_LEVEL = 0;
				GCC_PREPROCESSOR_DEFINITIONS = (
					"DEBUG=1",
					"$(inherited)",
				);
				GCC_WARN_64_TO_32_BIT_CONVERSION = YES;
				GCC_WARN_ABOUT_RETURN_TYPE = YES_ERROR;
				GCC_WARN_UNDECLARED_SELECTOR = YES;
				GCC_WARN_UNINITIALIZED_AUTOS = YES_AGGRESSIVE;
				GCC_WARN_UNUSED_FUNCTION = YES;
				GCC_WARN_UNUSED_VARIABLE = YES;
				IPHONEOS_DEPLOYMENT_TARGET = 18.2;
				LOCALIZATION_PREFERS_STRING_CATALOGS = YES;
				MTL_ENABLE_DEBUG_INFO = INCLUDE_SOURCE;
				MTL_FAST_MATH = YES;
				ONLY_ACTIVE_ARCH = YES;
				SDKROOT = iphoneos;
				SWIFT_ACTIVE_COMPILATION_CONDITIONS = "DEBUG $(inherited)";
				SWIFT_OPTIMIZATION_LEVEL = "-Onone";
			};
			name = Debug;
		};
		120FAC422DA4C05A002BE8CF /* Release */ = {
			isa = XCBuildConfiguration;
			buildSettings = {
				ALWAYS_SEARCH_USER_PATHS = NO;
				ASSETCATALOG_COMPILER_GENERATE_SWIFT_ASSET_SYMBOL_EXTENSIONS = YES;
				CLANG_ANALYZER_NONNULL = YES;
				CLANG_ANALYZER_NUMBER_OBJECT_CONVERSION = YES_AGGRESSIVE;
				CLANG_CXX_LANGUAGE_STANDARD = "gnu++20";
				CLANG_ENABLE_MODULES = YES;
				CLANG_ENABLE_OBJC_ARC = YES;
				CLANG_ENABLE_OBJC_WEAK = YES;
				CLANG_WARN_BLOCK_CAPTURE_AUTORELEASING = YES;
				CLANG_WARN_BOOL_CONVERSION = YES;
				CLANG_WARN_COMMA = YES;
				CLANG_WARN_CONSTANT_CONVERSION = YES;
				CLANG_WARN_DEPRECATED_OBJC_IMPLEMENTATIONS = YES;
				CLANG_WARN_DIRECT_OBJC_ISA_USAGE = YES_ERROR;
				CLANG_WARN_DOCUMENTATION_COMMENTS = YES;
				CLANG_WARN_EMPTY_BODY = YES;
				CLANG_WARN_ENUM_CONVERSION = YES;
				CLANG_WARN_INFINITE_RECURSION = YES;
				CLANG_WARN_INT_CONVERSION = YES;
				CLANG_WARN_NON_LITERAL_NULL_CONVERSION = YES;
				CLANG_WARN_OBJC_IMPLICIT_RETAIN_SELF = YES;
				CLANG_WARN_OBJC_LITERAL_CONVERSION = YES;
				CLANG_WARN_OBJC_ROOT_CLASS = YES_ERROR;
				CLANG_WARN_QUOTED_INCLUDE_IN_FRAMEWORK_HEADER = YES;
				CLANG_WARN_RANGE_LOOP_ANALYSIS = YES;
				CLANG_WARN_STRICT_PROTOTYPES = YES;
				CLANG_WARN_SUSPICIOUS_MOVE = YES;
				CLANG_WARN_UNGUARDED_AVAILABILITY = YES_AGGRESSIVE;
				CLANG_WARN_UNREACHABLE_CODE = YES;
				CLANG_WARN__DUPLICATE_METHOD_MATCH = YES;
				COPY_PHASE_STRIP = NO;
				DEBUG_INFORMATION_FORMAT = "dwarf-with-dsym";
				ENABLE_NS_ASSERTIONS = NO;
				ENABLE_STRICT_OBJC_MSGSEND = YES;
				ENABLE_USER_SCRIPT_SANDBOXING = YES;
				GCC_C_LANGUAGE_STANDARD = gnu17;
				GCC_NO_COMMON_BLOCKS = YES;
				GCC_WARN_64_TO_32_BIT_CONVERSION = YES;
				GCC_WARN_ABOUT_RETURN_TYPE = YES_ERROR;
				GCC_WARN_UNDECLARED_SELECTOR = YES;
				GCC_WARN_UNINITIALIZED_AUTOS = YES_AGGRESSIVE;
				GCC_WARN_UNUSED_FUNCTION = YES;
				GCC_WARN_UNUSED_VARIABLE = YES;
				IPHONEOS_DEPLOYMENT_TARGET = 18.2;
				LOCALIZATION_PREFERS_STRING_CATALOGS = YES;
				MTL_ENABLE_DEBUG_INFO = NO;
				MTL_FAST_MATH = YES;
				SDKROOT = iphoneos;
				SWIFT_COMPILATION_MODE = wholemodule;
				VALIDATE_PRODUCT = YES;
			};
			name = Release;
		};
		120FAC442DA4C05A002BE8CF /* Debug */ = {
			isa = XCBuildConfiguration;
			buildSettings = {
				ASSETCATALOG_COMPILER_APPICON_NAME = AppIcon;
				ASSETCATALOG_COMPILER_GLOBAL_ACCENT_COLOR_NAME = AccentColor;
				CODE_SIGN_STYLE = Automatic;
				CURRENT_PROJECT_VERSION = 1;
				DEVELOPMENT_ASSET_PATHS = "\"SocialMediaSwiftUI/Preview Content\"";
				DEVELOPMENT_TEAM = 2HYFCLT39H;
				ENABLE_PREVIEWS = YES;
				GENERATE_INFOPLIST_FILE = YES;
				INFOPLIST_FILE = SocialMediaSwiftUI/Info.plist;
				INFOPLIST_KEY_UIApplicationSceneManifest_Generation = YES;
				INFOPLIST_KEY_UIApplicationSupportsIndirectInputEvents = YES;
				INFOPLIST_KEY_UILaunchScreen_Generation = YES;
				INFOPLIST_KEY_UISupportedInterfaceOrientations_iPad = "UIInterfaceOrientationPortrait UIInterfaceOrientationPortraitUpsideDown UIInterfaceOrientationLandscapeLeft UIInterfaceOrientationLandscapeRight";
				INFOPLIST_KEY_UISupportedInterfaceOrientations_iPhone = "UIInterfaceOrientationPortrait UIInterfaceOrientationLandscapeLeft UIInterfaceOrientationLandscapeRight";
				LD_RUNPATH_SEARCH_PATHS = (
					"$(inherited)",
					"@executable_path/Frameworks",
				);
				MARKETING_VERSION = 1.0;
				PRODUCT_BUNDLE_IDENTIFIER = "--color.SocialMediaSwiftUI";
				PRODUCT_NAME = "$(TARGET_NAME)";
				SWIFT_EMIT_LOC_STRINGS = YES;
				SWIFT_VERSION = 5.0;
				TARGETED_DEVICE_FAMILY = "1,2";
			};
			name = Debug;
		};
		120FAC452DA4C05A002BE8CF /* Release */ = {
			isa = XCBuildConfiguration;
			buildSettings = {
				ASSETCATALOG_COMPILER_APPICON_NAME = AppIcon;
				ASSETCATALOG_COMPILER_GLOBAL_ACCENT_COLOR_NAME = AccentColor;
				CODE_SIGN_STYLE = Automatic;
				CURRENT_PROJECT_VERSION = 1;
				DEVELOPMENT_ASSET_PATHS = "\"SocialMediaSwiftUI/Preview Content\"";
				DEVELOPMENT_TEAM = 2HYFCLT39H;
				ENABLE_PREVIEWS = YES;
				GENERATE_INFOPLIST_FILE = YES;
				INFOPLIST_FILE = SocialMediaSwiftUI/Info.plist;
				INFOPLIST_KEY_UIApplicationSceneManifest_Generation = YES;
				INFOPLIST_KEY_UIApplicationSupportsIndirectInputEvents = YES;
				INFOPLIST_KEY_UILaunchScreen_Generation = YES;
				INFOPLIST_KEY_UISupportedInterfaceOrientations_iPad = "UIInterfaceOrientationPortrait UIInterfaceOrientationPortraitUpsideDown UIInterfaceOrientationLandscapeLeft UIInterfaceOrientationLandscapeRight";
				INFOPLIST_KEY_UISupportedInterfaceOrientations_iPhone = "UIInterfaceOrientationPortrait UIInterfaceOrientationLandscapeLeft UIInterfaceOrientationLandscapeRight";
				LD_RUNPATH_SEARCH_PATHS = (
					"$(inherited)",
					"@executable_path/Frameworks",
				);
				MARKETING_VERSION = 1.0;
				PRODUCT_BUNDLE_IDENTIFIER = "--color.SocialMediaSwiftUI";
				PRODUCT_NAME = "$(TARGET_NAME)";
				SWIFT_EMIT_LOC_STRINGS = YES;
				SWIFT_VERSION = 5.0;
				TARGETED_DEVICE_FAMILY = "1,2";
			};
			name = Release;
		};
		120FAC472DA4C05A002BE8CF /* Debug */ = {
			isa = XCBuildConfiguration;
			buildSettings = {
				BUNDLE_LOADER = "$(TEST_HOST)";
				CODE_SIGN_STYLE = Automatic;
				CURRENT_PROJECT_VERSION = 1;
				GENERATE_INFOPLIST_FILE = YES;
				IPHONEOS_DEPLOYMENT_TARGET = 18.2;
				MARKETING_VERSION = 1.0;
				PRODUCT_BUNDLE_IDENTIFIER = color.SocialMediaSwiftUITests;
				PRODUCT_NAME = "$(TARGET_NAME)";
				SWIFT_EMIT_LOC_STRINGS = NO;
				SWIFT_VERSION = 5.0;
				TARGETED_DEVICE_FAMILY = "1,2";
				TEST_HOST = "$(BUILT_PRODUCTS_DIR)/SocialMediaSwiftUI.app/$(BUNDLE_EXECUTABLE_FOLDER_PATH)/SocialMediaSwiftUI";
			};
			name = Debug;
		};
		120FAC482DA4C05A002BE8CF /* Release */ = {
			isa = XCBuildConfiguration;
			buildSettings = {
				BUNDLE_LOADER = "$(TEST_HOST)";
				CODE_SIGN_STYLE = Automatic;
				CURRENT_PROJECT_VERSION = 1;
				GENERATE_INFOPLIST_FILE = YES;
				IPHONEOS_DEPLOYMENT_TARGET = 18.2;
				MARKETING_VERSION = 1.0;
				PRODUCT_BUNDLE_IDENTIFIER = color.SocialMediaSwiftUITests;
				PRODUCT_NAME = "$(TARGET_NAME)";
				SWIFT_EMIT_LOC_STRINGS = NO;
				SWIFT_VERSION = 5.0;
				TARGETED_DEVICE_FAMILY = "1,2";
				TEST_HOST = "$(BUILT_PRODUCTS_DIR)/SocialMediaSwiftUI.app/$(BUNDLE_EXECUTABLE_FOLDER_PATH)/SocialMediaSwiftUI";
			};
			name = Release;
		};
		120FAC4A2DA4C05A002BE8CF /* Debug */ = {
			isa = XCBuildConfiguration;
			buildSettings = {
				CODE_SIGN_STYLE = Automatic;
				CURRENT_PROJECT_VERSION = 1;
				GENERATE_INFOPLIST_FILE = YES;
				MARKETING_VERSION = 1.0;
				PRODUCT_BUNDLE_IDENTIFIER = color.SocialMediaSwiftUIUITests;
				PRODUCT_NAME = "$(TARGET_NAME)";
				SWIFT_EMIT_LOC_STRINGS = NO;
				SWIFT_VERSION = 5.0;
				TARGETED_DEVICE_FAMILY = "1,2";
				TEST_TARGET_NAME = SocialMediaSwiftUI;
			};
			name = Debug;
		};
		120FAC4B2DA4C05A002BE8CF /* Release */ = {
			isa = XCBuildConfiguration;
			buildSettings = {
				CODE_SIGN_STYLE = Automatic;
				CURRENT_PROJECT_VERSION = 1;
				GENERATE_INFOPLIST_FILE = YES;
				MARKETING_VERSION = 1.0;
				PRODUCT_BUNDLE_IDENTIFIER = color.SocialMediaSwiftUIUITests;
				PRODUCT_NAME = "$(TARGET_NAME)";
				SWIFT_EMIT_LOC_STRINGS = NO;
				SWIFT_VERSION = 5.0;
				TARGETED_DEVICE_FAMILY = "1,2";
				TEST_TARGET_NAME = SocialMediaSwiftUI;
			};
			name = Release;
		};
/* End XCBuildConfiguration section */

/* Begin XCConfigurationList section */
		120FAC1A2DA4C058002BE8CF /* Build configuration list for PBXProject "SocialMediaSwiftUI" */ = {
			isa = XCConfigurationList;
			buildConfigurations = (
				120FAC412DA4C05A002BE8CF /* Debug */,
				120FAC422DA4C05A002BE8CF /* Release */,
			);
			defaultConfigurationIsVisible = 0;
			defaultConfigurationName = Release;
		};
		120FAC432DA4C05A002BE8CF /* Build configuration list for PBXNativeTarget "SocialMediaSwiftUI" */ = {
			isa = XCConfigurationList;
			buildConfigurations = (
				120FAC442DA4C05A002BE8CF /* Debug */,
				120FAC452DA4C05A002BE8CF /* Release */,
			);
			defaultConfigurationIsVisible = 0;
			defaultConfigurationName = Release;
		};
		120FAC462DA4C05A002BE8CF /* Build configuration list for PBXNativeTarget "SocialMediaSwiftUITests" */ = {
			isa = XCConfigurationList;
			buildConfigurations = (
				120FAC472DA4C05A002BE8CF /* Debug */,
				120FAC482DA4C05A002BE8CF /* Release */,
			);
			defaultConfigurationIsVisible = 0;
			defaultConfigurationName = Release;
		};
		120FAC492DA4C05A002BE8CF /* Build configuration list for PBXNativeTarget "SocialMediaSwiftUIUITests" */ = {
			isa = XCConfigurationList;
			buildConfigurations = (
				120FAC4A2DA4C05A002BE8CF /* Debug */,
				120FAC4B2DA4C05A002BE8CF /* Release */,
			);
			defaultConfigurationIsVisible = 0;
			defaultConfigurationName = Release;
		};
/* End XCConfigurationList section */

/* Begin XCRemoteSwiftPackageReference section */
		12DFC6292DAE8784007D1FD0 /* XCRemoteSwiftPackageReference "firebase-ios-sdk" */ = {
			isa = XCRemoteSwiftPackageReference;
			repositoryURL = "https://github.com/firebase/firebase-ios-sdk.git";
			requirement = {
				kind = upToNextMajorVersion;
				minimumVersion = 11.11.0;
			};
		};
		12E1B2862DBD5B1C0023FA1E /* XCRemoteSwiftPackageReference "Kingfisher" */ = {
			isa = XCRemoteSwiftPackageReference;
			repositoryURL = "https://github.com/onevcat/Kingfisher";
			requirement = {
				kind = upToNextMajorVersion;
				minimumVersion = 8.3.2;
			};
		};
/* End XCRemoteSwiftPackageReference section */

/* Begin XCSwiftPackageProductDependency section */
		12DFC62A2DAE8784007D1FD0 /* FirebaseAuth */ = {
			isa = XCSwiftPackageProductDependency;
			package = 12DFC6292DAE8784007D1FD0 /* XCRemoteSwiftPackageReference "firebase-ios-sdk" */;
			productName = FirebaseAuth;
		};
		12DFC62C2DAE8784007D1FD0 /* FirebaseFirestore */ = {
			isa = XCSwiftPackageProductDependency;
			package = 12DFC6292DAE8784007D1FD0 /* XCRemoteSwiftPackageReference "firebase-ios-sdk" */;
			productName = FirebaseFirestore;
		};
		12DFC62E2DAE8784007D1FD0 /* FirebaseStorage */ = {
			isa = XCSwiftPackageProductDependency;
			package = 12DFC6292DAE8784007D1FD0 /* XCRemoteSwiftPackageReference "firebase-ios-sdk" */;
			productName = FirebaseStorage;
		};
		12E1B2882DBD5B2A0023FA1E /* Kingfisher */ = {
			isa = XCSwiftPackageProductDependency;
			package = 12E1B2862DBD5B1C0023FA1E /* XCRemoteSwiftPackageReference "Kingfisher" */;
			productName = Kingfisher;
		};
/* End XCSwiftPackageProductDependency section */
	};
	rootObject = 120FAC172DA4C058002BE8CF /* Project object */;
}
